
Microsoft Visual Studio Solution File, Format Version 12.00
# Visual Studio 14
VisualStudioVersion = 14.0.25420.1
MinimumVisualStudioVersion = 10.0.40219.1
Project("{FAE04EC0-301F-11D3-BF4B-00C04F79EFBC}") = "osx_style_iot_smart_house_gui", "osx_style_iot_smart_house_gui\osx_style_iot_smart_house_gui.csproj", "{DE002D56-7542-422A-9E0F-EF361E19800C}"
EndProject
Global
	GlobalSection(SolutionConfigurationPlatforms) = preSolution
		Debug|Any CPU = Debug|Any CPU
		Release|Any CPU = Release|Any CPU
	EndGlobalSection
	GlobalSection(ProjectConfigurationPlatforms) = postSolution
		{DE002D56-7542-422A-9E0F-EF361E19800C}.Debug|Any CPU.ActiveCfg = Debug|Any CPU
		{DE002D56-7542-422A-9E0F-EF361E19800C}.Debug|Any CPU.Build.0 = Debug|Any CPU
		{DE002D56-7542-422A-9E0F-EF361E19800C}.Release|Any CPU.ActiveCfg = Release|Any CPU
		{DE002D56-7542-422A-9E0F-EF361E19800C}.Release|Any CPU.Build.0 = Release|Any CPU
	EndGlobalSection
	GlobalSection(SolutionProperties) = preSolution
		HideSolutionNode = FALSE
	EndGlobalSection
EndGlobal
